lockfileVersion: '6.0'

settings:
  autoInstallPeers: true
  excludeLinksFromLockfile: false

devDependencies:
  '@sinclair/typebox':
    specifier: ^0.31.18
    version: 0.31.18
  typescript:
    specifier: 5.2.2
    version: 5.2.2

packages:

  /@sinclair/typebox@0.31.18:
    resolution: {integrity: sha512-p2JGz+SciGJVl1zokCIK15f7LYDrI2ZsxItcLhkAyx50hEYEj/Qdy7z30qRYiakzdIu8dV4DfBi+e6xEZuugiQ==}
    dev: true

  /typescript@5.2.2:
    resolution: {integrity: sha512-mI4WrpHsbCIcwT9cF4FZvr80QUeKvsUsUvKDoR+X/7XHQH98xYD8YHZg7ANtz2GtZt/CBq2QJ0thkGJMHfqc1w==}
    engines: {node: '>=14.17'}
    hasBin: true
    dev: true
